
Microsoft Visual Studio Solution File, Format Version 12.00
# Visual Studio Version 16
VisualStudioVersion = 16.0.31605.320
MinimumVisualStudioVersion = 10.0.40219.1
Project("{FAE04EC0-301F-11D3-BF4B-00C04F79EFBC}") = "cs practice", "cs practice.csproj", "{421CD639-6369-41EE-8642-E67EAD6937BD}"
EndProject
Global
	GlobalSection(SolutionConfigurationPlatforms) = preSolution
		Debug|Any CPU = Debug|Any CPU
		Release|Any CPU = Release|Any CPU
	EndGlobalSection
	GlobalSection(ProjectConfigurationPlatforms) = postSolution
		{421CD639-6369-41EE-8642-E67EAD6937BD}.Debug|Any CPU.ActiveCfg = Debug|Any CPU
		{421CD639-6369-41EE-8642-E67EAD6937BD}.Debug|Any CPU.Build.0 = Debug|Any CPU
		{421CD639-6369-41EE-8642-E67EAD6937BD}.Release|Any CPU.ActiveCfg = Release|Any CPU
		{421CD639-6369-41EE-8642-E67EAD6937BD}.Release|Any CPU.Build.0 = Release|Any CPU
	EndGlobalSection
	GlobalSection(SolutionProperties) = preSolution
		HideSolutionNode = FALSE
	EndGlobalSection
	GlobalSection(ExtensibilityGlobals) = postSolution
		SolutionGuid = {57E638D5-28B5-4A59-B72B-7D31889416D4}
	EndGlobalSection
EndGlobal
